
Microsoft Visual Studio Solution File, Format Version 12.00
# Visual Studio Version 17
VisualStudioVersion = 17.9.34728.123
MinimumVisualStudioVersion = 10.0.40219.1
Project("{FAE04EC0-301F-11D3-BF4B-00C04F79EFBC}") = "ex06)caliburn_basic", "ex06)caliburn_basic\ex06)caliburn_basic.csproj", "{6EE09D00-E21E-4412-8324-73CDB0A74894}"
EndProject
Project("{FAE04EC0-301F-11D3-BF4B-00C04F79EFBC}") = "ex07_EmployeeMngApp", "ex07_EmployeeMngApp\ex07_EmployeeMngApp.csproj", "{445AF682-3438-4D6A-BC48-1D2D314D3C2F}"
EndProject
Global
	GlobalSection(SolutionConfigurationPlatforms) = preSolution
		Debug|Any CPU = Debug|Any CPU
		Release|Any CPU = Release|Any CPU
	EndGlobalSection
	GlobalSection(ProjectConfigurationPlatforms) = postSolution
		{6EE09D00-E21E-4412-8324-73CDB0A74894}.Debug|Any CPU.ActiveCfg = Debug|Any CPU
		{6EE09D00-E21E-4412-8324-73CDB0A74894}.Debug|Any CPU.Build.0 = Debug|Any CPU
		{6EE09D00-E21E-4412-8324-73CDB0A74894}.Release|Any CPU.ActiveCfg = Release|Any CPU
		{6EE09D00-E21E-4412-8324-73CDB0A74894}.Release|Any CPU.Build.0 = Release|Any CPU
		{445AF682-3438-4D6A-BC48-1D2D314D3C2F}.Debug|Any CPU.ActiveCfg = Debug|Any CPU
		{445AF682-3438-4D6A-BC48-1D2D314D3C2F}.Debug|Any CPU.Build.0 = Debug|Any CPU
		{445AF682-3438-4D6A-BC48-1D2D314D3C2F}.Release|Any CPU.ActiveCfg = Release|Any CPU
		{445AF682-3438-4D6A-BC48-1D2D314D3C2F}.Release|Any CPU.Build.0 = Release|Any CPU
	EndGlobalSection
	GlobalSection(SolutionProperties) = preSolution
		HideSolutionNode = FALSE
	EndGlobalSection
	GlobalSection(ExtensibilityGlobals) = postSolution
		SolutionGuid = {55F91007-F7CA-4EF7-993B-D221C3649AB4}
	EndGlobalSection
EndGlobal
